
Microsoft Visual Studio Solution File, Format Version 12.00
# Visual Studio Version 17
VisualStudioVersion = 17.3.32929.385
MinimumVisualStudioVersion = 10.0.40219.1
Project("{9A19103F-16F7-4668-BE54-9A1E7A4F7556}") = "BlazorTutorials", "BlazorTutorials\BlazorTutorials.csproj", "{54DCD375-E408-4B39-AB07-49AE6AB95AF9}"
EndProject
Project("{2150E333-8FDC-42A3-9474-1A3956D46DE8}") = "FrontEnd", "FrontEnd", "{2587D48A-94FA-42A3-84A9-FB125C86FEEC}"
EndProject
Project("{2150E333-8FDC-42A3-9474-1A3956D46DE8}") = "BackEnd", "BackEnd", "{1C2215D2-018F-4165-BFB5-215DCABEF895}"
EndProject
Project("{9A19103F-16F7-4668-BE54-9A1E7A4F7556}") = "Api", "Api\Api.csproj", "{FAB7B04F-8A8A-43DD-BBBC-99EBBAFE2150}"
EndProject
Project("{9A19103F-16F7-4668-BE54-9A1E7A4F7556}") = "Infrastructer", "Infrastructer\Infrastructer.csproj", "{D2AA8629-8016-428E-B59C-A716E54E3B4C}"
EndProject
Project("{9A19103F-16F7-4668-BE54-9A1E7A4F7556}") = "BusinessLogic", "BusinessLogic\BusinessLogic.csproj", "{4B0B5283-DC44-4759-B3EA-FC5FE5540894}"
EndProject
Global
	GlobalSection(SolutionConfigurationPlatforms) = preSolution
		Debug|Any CPU = Debug|Any CPU
		Release|Any CPU = Release|Any CPU
	EndGlobalSection
	GlobalSection(ProjectConfigurationPlatforms) = postSolution
		{54DCD375-E408-4B39-AB07-49AE6AB95AF9}.Debug|Any CPU.ActiveCfg = Debug|Any CPU
		{54DCD375-E408-4B39-AB07-49AE6AB95AF9}.Debug|Any CPU.Build.0 = Debug|Any CPU
		{54DCD375-E408-4B39-AB07-49AE6AB95AF9}.Release|Any CPU.ActiveCfg = Release|Any CPU
		{54DCD375-E408-4B39-AB07-49AE6AB95AF9}.Release|Any CPU.Build.0 = Release|Any CPU
		{FAB7B04F-8A8A-43DD-BBBC-99EBBAFE2150}.Debug|Any CPU.ActiveCfg = Debug|Any CPU
		{FAB7B04F-8A8A-43DD-BBBC-99EBBAFE2150}.Debug|Any CPU.Build.0 = Debug|Any CPU
		{FAB7B04F-8A8A-43DD-BBBC-99EBBAFE2150}.Release|Any CPU.ActiveCfg = Release|Any CPU
		{FAB7B04F-8A8A-43DD-BBBC-99EBBAFE2150}.Release|Any CPU.Build.0 = Release|Any CPU
		{D2AA8629-8016-428E-B59C-A716E54E3B4C}.Debug|Any CPU.ActiveCfg = Debug|Any CPU
		{D2AA8629-8016-428E-B59C-A716E54E3B4C}.Debug|Any CPU.Build.0 = Debug|Any CPU
		{D2AA8629-8016-428E-B59C-A716E54E3B4C}.Release|Any CPU.ActiveCfg = Release|Any CPU
		{D2AA8629-8016-428E-B59C-A716E54E3B4C}.Release|Any CPU.Build.0 = Release|Any CPU
		{4B0B5283-DC44-4759-B3EA-FC5FE5540894}.Debug|Any CPU.ActiveCfg = Debug|Any CPU
		{4B0B5283-DC44-4759-B3EA-FC5FE5540894}.Debug|Any CPU.Build.0 = Debug|Any CPU
		{4B0B5283-DC44-4759-B3EA-FC5FE5540894}.Release|Any CPU.ActiveCfg = Release|Any CPU
		{4B0B5283-DC44-4759-B3EA-FC5FE5540894}.Release|Any CPU.Build.0 = Release|Any CPU
	EndGlobalSection
	GlobalSection(SolutionProperties) = preSolution
		HideSolutionNode = FALSE
	EndGlobalSection
	GlobalSection(NestedProjects) = preSolution
		{54DCD375-E408-4B39-AB07-49AE6AB95AF9} = {2587D48A-94FA-42A3-84A9-FB125C86FEEC}
		{FAB7B04F-8A8A-43DD-BBBC-99EBBAFE2150} = {1C2215D2-018F-4165-BFB5-215DCABEF895}
		{D2AA8629-8016-428E-B59C-A716E54E3B4C} = {1C2215D2-018F-4165-BFB5-215DCABEF895}
		{4B0B5283-DC44-4759-B3EA-FC5FE5540894} = {1C2215D2-018F-4165-BFB5-215DCABEF895}
	EndGlobalSection
	GlobalSection(ExtensibilityGlobals) = postSolution
		SolutionGuid = {DEFBA2B5-B855-4704-8421-0B40E3293178}
	EndGlobalSection
EndGlobal
